
Microsoft Visual Studio Solution File, Format Version 12.00
# Visual Studio Version 17
VisualStudioVersion = 17.11.35222.181
MinimumVisualStudioVersion = 10.0.40219.1
Project("{FAE04EC0-301F-11D3-BF4B-00C04F79EFBC}") = "OOP iskolai adminisztracios rendszer BerkiB", "OOP iskolai adminisztracios rendszer BerkiB\OOP iskolai adminisztracios rendszer BerkiB.csproj", "{EF3EBA75-61EF-4A74-AC69-644E5CF58947}"
EndProject
Global
	GlobalSection(SolutionConfigurationPlatforms) = preSolution
		Debug|Any CPU = Debug|Any CPU
		Release|Any CPU = Release|Any CPU
	EndGlobalSection
	GlobalSection(ProjectConfigurationPlatforms) = postSolution
		{EF3EBA75-61EF-4A74-AC69-644E5CF58947}.Debug|Any CPU.ActiveCfg = Debug|Any CPU
		{EF3EBA75-61EF-4A74-AC69-644E5CF58947}.Debug|Any CPU.Build.0 = Debug|Any CPU
		{EF3EBA75-61EF-4A74-AC69-644E5CF58947}.Release|Any CPU.ActiveCfg = Release|Any CPU
		{EF3EBA75-61EF-4A74-AC69-644E5CF58947}.Release|Any CPU.Build.0 = Release|Any CPU
	EndGlobalSection
	GlobalSection(SolutionProperties) = preSolution
		HideSolutionNode = FALSE
	EndGlobalSection
	GlobalSection(ExtensibilityGlobals) = postSolution
		SolutionGuid = {8035FBFE-7FF9-4061-AE6D-AC0F3C5FB19D}
	EndGlobalSection
EndGlobal
